
Microsoft Visual Studio Solution File, Format Version 12.00
# Visual Studio Version 16
VisualStudioVersion = 16.0.28803.352
MinimumVisualStudioVersion = 10.0.40219.1
Project("{FAE04EC0-301F-11D3-BF4B-00C04F79EFBC}") = "Lab 1 Advanced Programming Lab 1 doc 04 part I", "Lab 1 Advanced Programming Lab 1 doc 04\Lab 1 Advanced Programming Lab 1 doc 04 part I.csproj", "{EC0E793C-17ED-42EE-986F-D7C136D9BAD5}"
EndProject
Global
	GlobalSection(SolutionConfigurationPlatforms) = preSolution
		Debug|Any CPU = Debug|Any CPU
		Release|Any CPU = Release|Any CPU
	EndGlobalSection
	GlobalSection(ProjectConfigurationPlatforms) = postSolution
		{EC0E793C-17ED-42EE-986F-D7C136D9BAD5}.Debug|Any CPU.ActiveCfg = Debug|Any CPU
		{EC0E793C-17ED-42EE-986F-D7C136D9BAD5}.Debug|Any CPU.Build.0 = Debug|Any CPU
		{EC0E793C-17ED-42EE-986F-D7C136D9BAD5}.Release|Any CPU.ActiveCfg = Release|Any CPU
		{EC0E793C-17ED-42EE-986F-D7C136D9BAD5}.Release|Any CPU.Build.0 = Release|Any CPU
	EndGlobalSection
	GlobalSection(SolutionProperties) = preSolution
		HideSolutionNode = FALSE
	EndGlobalSection
	GlobalSection(ExtensibilityGlobals) = postSolution
		SolutionGuid = {EEA7F965-ED15-4969-92BB-B8CDF8027E1C}
	EndGlobalSection
EndGlobal
