
Microsoft Visual Studio Solution File, Format Version 12.00
# Visual Studio Version 16
VisualStudioVersion = 16.0.28803.352
MinimumVisualStudioVersion = 10.0.40219.1
Project("{FAE04EC0-301F-11D3-BF4B-00C04F79EFBC}") = "Lab 1 Advanced Programming Doc 02 Problem 3", "Lab 1 Advanced Programming Doc 02 Problem 3\Lab 1 Advanced Programming Doc 02 Problem 3.csproj", "{14F6F15F-3A60-43D5-9564-A21B49602A3E}"
EndProject
Global
	GlobalSection(SolutionConfigurationPlatforms) = preSolution
		Debug|Any CPU = Debug|Any CPU
		Release|Any CPU = Release|Any CPU
	EndGlobalSection
	GlobalSection(ProjectConfigurationPlatforms) = postSolution
		{14F6F15F-3A60-43D5-9564-A21B49602A3E}.Debug|Any CPU.ActiveCfg = Debug|Any CPU
		{14F6F15F-3A60-43D5-9564-A21B49602A3E}.Debug|Any CPU.Build.0 = Debug|Any CPU
		{14F6F15F-3A60-43D5-9564-A21B49602A3E}.Release|Any CPU.ActiveCfg = Release|Any CPU
		{14F6F15F-3A60-43D5-9564-A21B49602A3E}.Release|Any CPU.Build.0 = Release|Any CPU
	EndGlobalSection
	GlobalSection(SolutionProperties) = preSolution
		HideSolutionNode = FALSE
	EndGlobalSection
	GlobalSection(ExtensibilityGlobals) = postSolution
		SolutionGuid = {A6B24E4C-02D2-456F-9338-E858FE8EB52D}
	EndGlobalSection
EndGlobal
